<?xml version="1.0" encoding="utf-8"?>
<Project ToolsVersion="4.0" xmlns="http://schemas.microsoft.com/developer/msbuild/2003">
  <ItemGroup>
    <Filter Include="Source Files">
      <UniqueIdentifier>{4FC737F1-C7A5-4376-A066-2A32D752A2FF}</UniqueIdentifier>
      <Extensions>cpp;c;cc;cxx;def;odl;idl;hpj;bat;asm;asmx</Extensions>
    </Filter>
    <Filter Include="Header Files">
      <UniqueIdentifier>{93995380-89BD-4b04-88EB-625FBE52EBFB}</UniqueIdentifier>
      <Extensions>h;hh;hpp;hxx;hm;inl;inc;xsd</Extensions>
    </Filter>
    <Filter Include="Resource Files">
      <UniqueIdentifier>{67DA6AB6-F800-4c08-8B7A-83BB121AAD01}</UniqueIdentifier>
      <Extensions>rc;ico;cur;bmp;dlg;rc2;rct;bin;rgs;gif;jpg;jpeg;jpe;resx;tiff;tif;png;wav;mfcribbon-ms</Extensions>
    </Filter>
  </ItemGroup>
  <ItemGroup>
    <ClCompile Include="src\FIRFilter.cpp">
      <Filter>Source Files</Filter>
    </ClCompile>
    <ClCompile Include="src\wav-file.cpp">
      <Filter>Source Files</Filter>
    </ClCompile>
    <ClCompile Include="src\driver.cpp">
      <Filter>Source Files</Filter>
    </ClCompile>
    <ClCompile Include="src\adc.cpp">
      <Filter>Source Files</Filter>
    </ClCompile>
    <ClCompile Include="src\coordinate-system.cpp">
      <Filter>Source Files</Filter>
    </ClCompile>
    <ClCompile Include="src\room.cpp">
      <Filter>Source Files</Filter>
    </ClCompile>
    <ClCompile Include="src\target.cpp">
      <Filter>Source Files</Filter>
    </ClCompile>
    <ClCompile Include="src\beamformer.cpp">
      <Filter>Source Files</Filter>
    </ClCompile>
    <ClCompile Include="src\channel.cpp">
      <Filter>Source Files</Filter>
    </ClCompile>
    <ClCompile Include="src\virtual_source.cpp">
      <Filter>Source Files</Filter>
    </ClCompile>
    <ClCompile Include="src\beam.cpp">
      <Filter>Source Files</Filter>
    </ClCompile>
    <ClCompile Include="src\cexcept.cpp">
      <Filter>Source Files</Filter>
    </ClCompile>
    <ClCompile Include="src\listener.cpp">
      <Filter>Source Files</Filter>
    </ClCompile>
    <ClCompile Include="src\websocket_server.cpp">
      <Filter>Source Files</Filter>
    </ClCompile>
    <ClCompile Include="src\outputdevice.cpp">
      <Filter>Source Files</Filter>
    </ClCompile>
  </ItemGroup>
  <ItemGroup>
    <ClInclude Include="include\FIRFilter.h">
      <Filter>Header Files</Filter>
    </ClInclude>
    <ClInclude Include="include\high_coefs.h">
      <Filter>Header Files</Filter>
    </ClInclude>
    <ClInclude Include="include\low_coefs.h">
      <Filter>Header Files</Filter>
    </ClInclude>
    <ClInclude Include="include\wav-file.h">
      <Filter>Header Files</Filter>
    </ClInclude>
    <ClInclude Include="include\adc.h">
      <Filter>Header Files</Filter>
    </ClInclude>
    <ClInclude Include="include\coordinate-system.h">
      <Filter>Header Files</Filter>
    </ClInclude>
    <ClInclude Include="include\room.h">
      <Filter>Header Files</Filter>
    </ClInclude>
    <ClInclude Include="include\target.h">
      <Filter>Header Files</Filter>
    </ClInclude>
    <ClInclude Include="include\beamformer.h">
      <Filter>Header Files</Filter>
    </ClInclude>
    <ClInclude Include="include\channel.h">
      <Filter>Header Files</Filter>
    </ClInclude>
    <ClInclude Include="include\virtual_source.h">
      <Filter>Header Files</Filter>
    </ClInclude>
    <ClInclude Include="include\beam.h">
      <Filter>Header Files</Filter>
    </ClInclude>
    <ClInclude Include="include\cexcept.h">
      <Filter>Header Files</Filter>
    </ClInclude>
    <ClInclude Include="include\listener.h">
      <Filter>Header Files</Filter>
    </ClInclude>
    <ClInclude Include="include\websocket_server.h">
      <Filter>Header Files</Filter>
    </ClInclude>
    <ClInclude Include="include\outputdevice.h">
      <Filter>Header Files</Filter>
    </ClInclude>
  </ItemGroup>
  <ItemGroup>
    <Media Include="audiocheck.net_sin_800Hz_-3dBFS_10s.wav">
      <Filter>Resource Files</Filter>
    </Media>
    <Media Include="audiocheck.net_sin_1200Hz_-3dBFS_10s.wav">
      <Filter>Resource Files</Filter>
    </Media>
  </ItemGroup>
</Project>